
Microsoft Visual Studio Solution File, Format Version 12.00
# Visual Studio Version 17
VisualStudioVersion = 17.14.36414.22 d17.14
MinimumVisualStudioVersion = 10.0.40219.1
Project("{FAE04EC0-301F-11D3-BF4B-00C04F79EFBC}") = "OOP_17_1", "OOP_17_1\OOP_17_1.csproj", "{CA84C5E0-82EC-4DCF-8D5E-B11AB627A504}"
EndProject
Global
	GlobalSection(SolutionConfigurationPlatforms) = preSolution
		Debug|Any CPU = Debug|Any CPU
		Release|Any CPU = Release|Any CPU
	EndGlobalSection
	GlobalSection(ProjectConfigurationPlatforms) = postSolution
		{CA84C5E0-82EC-4DCF-8D5E-B11AB627A504}.Debug|Any CPU.ActiveCfg = Debug|Any CPU
		{CA84C5E0-82EC-4DCF-8D5E-B11AB627A504}.Debug|Any CPU.Build.0 = Debug|Any CPU
		{CA84C5E0-82EC-4DCF-8D5E-B11AB627A504}.Release|Any CPU.ActiveCfg = Release|Any CPU
		{CA84C5E0-82EC-4DCF-8D5E-B11AB627A504}.Release|Any CPU.Build.0 = Release|Any CPU
	EndGlobalSection
	GlobalSection(SolutionProperties) = preSolution
		HideSolutionNode = FALSE
	EndGlobalSection
	GlobalSection(ExtensibilityGlobals) = postSolution
		SolutionGuid = {08B9E862-7619-4264-8619-8361454AC5DD}
	EndGlobalSection
EndGlobal
